<?xml version="1.0" encoding="utf-8"?>
<Project ToolsVersion="4.0" xmlns="http://schemas.microsoft.com/developer/msbuild/2003">
  <ItemGroup>
    <Filter Include="Source Files">
      <UniqueIdentifier>{4FC737F1-C7A5-4376-A066-2A32D752A2FF}</UniqueIdentifier>
      <Extensions>cpp;c;cc;cxx;def;odl;idl;hpj;bat;asm;asmx</Extensions>
    </Filter>
    <Filter Include="Header Files">
      <UniqueIdentifier>{93995380-89BD-4b04-88EB-625FBE52EBFB}</UniqueIdentifier>
      <Extensions>h;hh;hpp;hxx;hm;inl;inc;xsd</Extensions>
    </Filter>
    <Filter Include="Resource Files">
      <UniqueIdentifier>{67DA6AB6-F800-4c08-8B7A-83BB121AAD01}</UniqueIdentifier>
      <Extensions>rc;ico;cur;bmp;dlg;rc2;rct;bin;rgs;gif;jpg;jpeg;jpe;resx;tiff;tif;png;wav</Extensions>
    </Filter>
  </ItemGroup>
  <ItemGroup>
    <ClCompile Include="src\bomberman\Action.cpp">
      <Filter>Source Files</Filter>
    </ClCompile>
    <ClCompile Include="src\bomberman\AEntity.cpp">
      <Filter>Source Files</Filter>
    </ClCompile>
    <ClCompile Include="src\bomberman\Bomb.cpp">
      <Filter>Source Files</Filter>
    </ClCompile>
    <ClCompile Include="src\bomberman\Cell.cpp">
      <Filter>Source Files</Filter>
    </ClCompile>
    <ClCompile Include="src\bomberman\Character.cpp">
      <Filter>Source Files</Filter>
    </ClCompile>
    <ClCompile Include="src\bomberman\IA.cpp">
      <Filter>Source Files</Filter>
    </ClCompile>
    <ClCompile Include="src\bomberman\Map.cpp">
      <Filter>Source Files</Filter>
    </ClCompile>
    <ClCompile Include="src\bomberman\Player.cpp">
      <Filter>Source Files</Filter>
    </ClCompile>
    <ClCompile Include="src\bomberman\PlayerNode.cpp">
      <Filter>Source Files</Filter>
    </ClCompile>
    <ClCompile Include="src\bomberman\PowerUp.cpp">
      <Filter>Source Files</Filter>
    </ClCompile>
    <ClCompile Include="src\bomberman\Referee.cpp">
      <Filter>Source Files</Filter>
    </ClCompile>
    <ClCompile Include="src\core\Error.cpp">
      <Filter>Source Files</Filter>
    </ClCompile>
    <ClCompile Include="src\core\EventHandler.cpp">
      <Filter>Source Files</Filter>
    </ClCompile>
    <ClCompile Include="src\core\Game.cpp">
      <Filter>Source Files</Filter>
    </ClCompile>
    <ClCompile Include="src\core\main.cpp">
      <Filter>Source Files</Filter>
    </ClCompile>
    <ClCompile Include="src\core\ResourceManager.cpp">
      <Filter>Source Files</Filter>
    </ClCompile>
    <ClCompile Include="src\core\Settings.cpp">
      <Filter>Source Files</Filter>
    </ClCompile>
    <ClCompile Include="src\irrassimp\IrrAssimp.cpp">
      <Filter>Source Files</Filter>
    </ClCompile>
    <ClCompile Include="src\irrassimp\IrrAssimpExport.cpp">
      <Filter>Source Files</Filter>
    </ClCompile>
    <ClCompile Include="src\irrassimp\IrrAssimpImport.cpp">
      <Filter>Source Files</Filter>
    </ClCompile>
    <ClCompile Include="src\irrassimp\IrrAssimpUtils.cpp">
      <Filter>Source Files</Filter>
    </ClCompile>
    <ClCompile Include="src\network\Client.cpp">
      <Filter>Source Files</Filter>
    </ClCompile>
    <ClCompile Include="src\network\Server.cpp">
      <Filter>Source Files</Filter>
    </ClCompile>
    <ClCompile Include="src\network\tcp_client.cpp">
      <Filter>Source Files</Filter>
    </ClCompile>
    <ClCompile Include="src\network\tcp_connection.cpp">
      <Filter>Source Files</Filter>
    </ClCompile>
    <ClCompile Include="src\network\tcp_server.cpp">
      <Filter>Source Files</Filter>
    </ClCompile>
    <ClCompile Include="src\network\udp_client.cpp">
      <Filter>Source Files</Filter>
    </ClCompile>
    <ClCompile Include="src\network\udp_server.cpp">
      <Filter>Source Files</Filter>
    </ClCompile>
    <ClCompile Include="src\particles\Explosion.cpp">
      <Filter>Source Files</Filter>
    </ClCompile>
    <ClCompile Include="src\particles\Spawn.cpp">
      <Filter>Source Files</Filter>
    </ClCompile>
    <ClCompile Include="src\scenes\MenuGameMode.cpp">
      <Filter>Source Files</Filter>
    </ClCompile>
    <ClCompile Include="src\scenes\MenuGamePause.cpp">
      <Filter>Source Files</Filter>
    </ClCompile>
    <ClCompile Include="src\scenes\MenuLocalGame.cpp">
      <Filter>Source Files</Filter>
    </ClCompile>
    <ClCompile Include="src\scenes\MenuMainPage.cpp">
      <Filter>Source Files</Filter>
    </ClCompile>
    <ClCompile Include="src\scenes\MenuSettingsPage.cpp">
      <Filter>Source Files</Filter>
    </ClCompile>
    <ClCompile Include="src\scenes\SceneGame.cpp">
      <Filter>Source Files</Filter>
    </ClCompile>
    <ClCompile Include="src\scenes\SplashScreen.cpp">
      <Filter>Source Files</Filter>
    </ClCompile>
  </ItemGroup>
  <ItemGroup>
    <ClInclude Include="src\bomberman\Action.hh">
      <Filter>Header Files</Filter>
    </ClInclude>
    <ClInclude Include="src\bomberman\AEntity.hh">
      <Filter>Header Files</Filter>
    </ClInclude>
    <ClInclude Include="src\bomberman\Bomb.hh">
      <Filter>Header Files</Filter>
    </ClInclude>
    <ClInclude Include="src\bomberman\Cell.hh">
      <Filter>Header Files</Filter>
    </ClInclude>
    <ClInclude Include="src\bomberman\Character.hh">
      <Filter>Header Files</Filter>
    </ClInclude>
    <ClInclude Include="src\bomberman\IA.hh">
      <Filter>Header Files</Filter>
    </ClInclude>
    <ClInclude Include="src\bomberman\IPlayer.hh">
      <Filter>Header Files</Filter>
    </ClInclude>
    <ClInclude Include="src\bomberman\Map.hh">
      <Filter>Header Files</Filter>
    </ClInclude>
    <ClInclude Include="src\bomberman\Player.hh">
      <Filter>Header Files</Filter>
    </ClInclude>
    <ClInclude Include="src\bomberman\PlayerNode.hh">
      <Filter>Header Files</Filter>
    </ClInclude>
    <ClInclude Include="src\bomberman\PowerUp.hh">
      <Filter>Header Files</Filter>
    </ClInclude>
    <ClInclude Include="src\bomberman\Referee.hh">
      <Filter>Header Files</Filter>
    </ClInclude>
    <ClInclude Include="src\core\Error.hh">
      <Filter>Header Files</Filter>
    </ClInclude>
    <ClInclude Include="src\core\EventHandler.hh">
      <Filter>Header Files</Filter>
    </ClInclude>
    <ClInclude Include="src\core\Game.hh">
      <Filter>Header Files</Filter>
    </ClInclude>
    <ClInclude Include="src\core\ResourceManager.hh">
      <Filter>Header Files</Filter>
    </ClInclude>
    <ClInclude Include="src\core\Settings.hh">
      <Filter>Header Files</Filter>
    </ClInclude>
    <ClInclude Include="src\irrassimp\IrrAssimp.h">
      <Filter>Header Files</Filter>
    </ClInclude>
    <ClInclude Include="src\irrassimp\IrrAssimpExport.h">
      <Filter>Header Files</Filter>
    </ClInclude>
    <ClInclude Include="src\irrassimp\IrrAssimpImport.h">
      <Filter>Header Files</Filter>
    </ClInclude>
    <ClInclude Include="src\irrassimp\IrrAssimpUtils.h">
      <Filter>Header Files</Filter>
    </ClInclude>
    <ClInclude Include="src\network\Client.hh">
      <Filter>Header Files</Filter>
    </ClInclude>
    <ClInclude Include="src\network\Server.hh">
      <Filter>Header Files</Filter>
    </ClInclude>
    <ClInclude Include="src\network\tcp_client.hh">
      <Filter>Header Files</Filter>
    </ClInclude>
    <ClInclude Include="src\network\tcp_connection.hh">
      <Filter>Header Files</Filter>
    </ClInclude>
    <ClInclude Include="src\network\tcp_server.hh">
      <Filter>Header Files</Filter>
    </ClInclude>
    <ClInclude Include="src\network\udp_client.hh">
      <Filter>Header Files</Filter>
    </ClInclude>
    <ClInclude Include="src\network\udp_server.hh">
      <Filter>Header Files</Filter>
    </ClInclude>
    <ClInclude Include="src\particles\Explosion.hh">
      <Filter>Header Files</Filter>
    </ClInclude>
    <ClInclude Include="src\particles\Spawn.hh">
      <Filter>Header Files</Filter>
    </ClInclude>
    <ClInclude Include="src\scenes\IScene.hh">
      <Filter>Header Files</Filter>
    </ClInclude>
    <ClInclude Include="src\scenes\MenuGameMode.hh">
      <Filter>Header Files</Filter>
    </ClInclude>
    <ClInclude Include="src\scenes\MenuGamePause.hh">
      <Filter>Header Files</Filter>
    </ClInclude>
    <ClInclude Include="src\scenes\MenuLocalGame.hh">
      <Filter>Header Files</Filter>
    </ClInclude>
    <ClInclude Include="src\scenes\MenuMainPage.hh">
      <Filter>Header Files</Filter>
    </ClInclude>
    <ClInclude Include="src\scenes\MenuSettingsPage.hh">
      <Filter>Header Files</Filter>
    </ClInclude>
    <ClInclude Include="src\scenes\SceneGame.hh">
      <Filter>Header Files</Filter>
    </ClInclude>
    <ClInclude Include="src\scenes\SplashScreen.hh">
      <Filter>Header Files</Filter>
    </ClInclude>
  </ItemGroup>
</Project>